// !$*UTF8*$!
{
	archiveVersion = 1;
	classes = {
	};
	objectVersion = 46;
	objects = {

/* Begin PBXBuildFile section */
		18DD22D417AF9A1400156FC2 /* UIKit.framework in Frameworks */ = {isa = PBXBuildFile; fileRef = 18DD22D317AF9A1400156FC2 /* UIKit.framework */; };
		18DD22D617AF9A1400156FC2 /* Foundation.framework in Frameworks */ = {isa = PBXBuildFile; fileRef = 18DD22D517AF9A1400156FC2 /* Foundation.framework */; };
		18DD22D817AF9A1400156FC2 /* CoreGraphics.framework in Frameworks */ = {isa = PBXBuildFile; fileRef = 18DD22D717AF9A1400156FC2 /* CoreGraphics.framework */; };
		18DD22DE17AF9A1400156FC2 /* InfoPlist.strings in Resources */ = {isa = PBXBuildFile; fileRef = 18DD22DC17AF9A1400156FC2 /* InfoPlist.strings */; };
		18DD22E017AF9A1400156FC2 /* main.m in Sources */ = {isa = PBXBuildFile; fileRef = 18DD22DF17AF9A1400156FC2 /* main.m */; };
		18DD22E417AF9A1400156FC2 /* AppDelegate.m in Sources */ = {isa = PBXBuildFile; fileRef = 18DD22E317AF9A1400156FC2 /* AppDelegate.m */; };
		18DD22E617AF9A1400156FC2 /* Default.png in Resources */ = {isa = PBXBuildFile; fileRef = 18DD22E517AF9A1400156FC2 /* Default.png */; };
		18DD22E817AF9A1400156FC2 /* Default@2x.png in Resources */ = {isa = PBXBuildFile; fileRef = 18DD22E717AF9A1400156FC2 /* Default@2x.png */; };
		18DD22EA17AF9A1400156FC2 /* Default-568h@2x.png in Resources */ = {isa = PBXBuildFile; fileRef = 18DD22E917AF9A1400156FC2 /* Default-568h@2x.png */; };
		18DD22ED17AF9A1400156FC2 /* MainStoryboard.storyboard in Resources */ = {isa = PBXBuildFile; fileRef = 18DD22EB17AF9A1400156FC2 /* MainStoryboard.storyboard */; };
		18DD22F017AF9A1400156FC2 /* ViewController.m in Sources */ = {isa = PBXBuildFile; fileRef = 18DD22EF17AF9A1400156FC2 /* ViewController.m */; };
/* End PBXBuildFile section */

/* Begin PBXFileReference section */
		18DD22D017AF9A1400156FC2 /* AttriLabel.app */ = {isa = PBXFileReference; explicitFileType = wrapper.application; includeInIndex = 0; path = AttriLabel.app; sourceTree = BUILT_PRODUCTS_DIR; };
		18DD22D317AF9A1400156FC2 /* UIKit.framework */ = {isa = PBXFileReference; lastKnownFileType = wrapper.framework; name = UIKit.framework; path = System/Library/Frameworks/UIKit.framework; sourceTree = SDKROOT; };
		18DD22D517AF9A1400156FC2 /* Foundation.framework */ = {isa = PBXFileReference; lastKnownFileType = wrapper.framework; name = Foundation.framework; path = System/Library/Frameworks/Foundation.framework; sourceTree = SDKROOT; };
		18DD22D717AF9A1400156FC2 /* CoreGraphics.framework */ = {isa = PBXFileReference; lastKnownFileType = wrapper.framework; name = CoreGraphics.framework; path = System/Library/Frameworks/CoreGraphics.framework; sourceTree = SDKROOT; };
		18DD22DB17AF9A1400156FC2 /* AttriLabel-Info.plist */ = {isa = PBXFileReference; lastKnownFileType = text.plist.xml; path = "AttriLabel-Info.plist"; sourceTree = "<group>"; };
		18DD22DD17AF9A1400156FC2 /* en */ = {isa = PBXFileReference; lastKnownFileType = text.plist.strings; name = en; path = en.lproj/InfoPlist.strings; sourceTree = "<group>"; };
		18DD22DF17AF9A1400156FC2 /* main.m */ = {isa = PBXFileReference; lastKnownFileType = sourcecode.c.objc; path = main.m; sourceTree = "<group>"; };
		18DD22E117AF9A1400156FC2 /* AttriLabel-Prefix.pch */ = {isa = PBXFileReference; lastKnownFileType = sourcecode.c.h; path = "AttriLabel-Prefix.pch"; sourceTree = "<group>"; };
		18DD22E217AF9A1400156FC2 /* AppDelegate.h */ = {isa = PBXFileReference; lastKnownFileType = sourcecode.c.h; path = AppDelegate.h; sourceTree = "<group>"; };
		18DD22E317AF9A1400156FC2 /* AppDelegate.m */ = {isa = PBXFileReference; lastKnownFileType = sourcecode.c.objc; path = AppDelegate.m; sourceTree = "<group>"; };
		18DD22E517AF9A1400156FC2 /* Default.png */ = {isa = PBXFileReference; lastKnownFileType = image.png; path = Default.png; sourceTree = "<group>"; };
		18DD22E717AF9A1400156FC2 /* Default@2x.png */ = {isa = PBXFileReference; lastKnownFileType = image.png; path = "Default@2x.png"; sourceTree = "<group>"; };
		18DD22E917AF9A1400156FC2 /* Default-568h@2x.png */ = {isa = PBXFileReference; lastKnownFileType = image.png; path = "Default-568h@2x.png"; sourceTree = "<group>"; };
		18DD22EC17AF9A1400156FC2 /* en */ = {isa = PBXFileReference; lastKnownFileType = file.storyboard; name = en; path = en.lproj/MainStoryboard.storyboard; sourceTree = "<group>"; };
		18DD22EE17AF9A1400156FC2 /* ViewController.h */ = {isa = PBXFileReference; lastKnownFileType = sourcecode.c.h; path = ViewController.h; sourceTree = "<group>"; };
		18DD22EF17AF9A1400156FC2 /* ViewController.m */ = {isa = PBXFileReference; lastKnownFileType = sourcecode.c.objc; path = ViewController.m; sourceTree = "<group>"; };
/* End PBXFileReference section */

/* Begin PBXFrameworksBuildPhase section */
		18DD22CD17AF9A1400156FC2 /* Frameworks */ = {
			isa = PBXFrameworksBuildPhase;
			buildActionMask = 2147483647;
			files = (
				18DD22D417AF9A1400156FC2 /* UIKit.framework in Frameworks */,
				18DD22D617AF9A1400156FC2 /* Foundation.framework in Frameworks */,
				18DD22D817AF9A1400156FC2 /* CoreGraphics.framework in Frameworks */,
			);
			runOnlyForDeploymentPostprocessing = 0;
		};
/* End PBXFrameworksBuildPhase section */

/* Begin PBXGroup section */
		18DD22C717AF9A1300156FC2 = {
			isa = PBXGroup;
			children = (
				18DD22D917AF9A1400156FC2 /* AttriLabel */,
				18DD22D217AF9A1400156FC2 /* Frameworks */,
				18DD22D117AF9A1400156FC2 /* Products */,
			);
			sourceTree = "<group>";
		};
		18DD22D117AF9A1400156FC2 /* Products */ = {
			isa = PBXGroup;
			children = (
				18DD22D017AF9A1400156FC2 /* AttriLabel.app */,
			);
			name = Products;
			sourceTree = "<group>";
		};
		18DD22D217AF9A1400156FC2 /* Frameworks */ = {
			isa = PBXGroup;
			children = (
				18DD22D317AF9A1400156FC2 /* UIKit.framework */,
				18DD22D517AF9A1400156FC2 /* Foundation.framework */,
				18DD22D717AF9A1400156FC2 /* CoreGraphics.framework */,
			);
			name = Frameworks;
			sourceTree = "<group>";
		};
		18DD22D917AF9A1400156FC2 /* AttriLabel */ = {
			isa = PBXGroup;
			children = (
				18DD22E217AF9A1400156FC2 /* AppDelegate.h */,
				18DD22E317AF9A1400156FC2 /* AppDelegate.m */,
				18DD22EB17AF9A1400156FC2 /* MainStoryboard.storyboard */,
				18DD22EE17AF9A1400156FC2 /* ViewController.h */,
				18DD22EF17AF9A1400156FC2 /* ViewController.m */,
				18DD22DA17AF9A1400156FC2 /* Supporting Files */,
			);
			path = AttriLabel;
			sourceTree = "<group>";
		};
		18DD22DA17AF9A1400156FC2 /* Supporting Files */ = {
			isa = PBXGroup;
			children = (
				18DD22DB17AF9A1400156FC2 /* AttriLabel-Info.plist */,
				18DD22DC17AF9A1400156FC2 /* InfoPlist.strings */,
				18DD22DF17AF9A1400156FC2 /* main.m */,
				18DD22E117AF9A1400156FC2 /* AttriLabel-Prefix.pch */,
				18DD22E517AF9A1400156FC2 /* Default.png */,
				18DD22E717AF9A1400156FC2 /* Default@2x.png */,
				18DD22E917AF9A1400156FC2 /* Default-568h@2x.png */,
			);
			name = "Supporting Files";
			sourceTree = "<group>";
		};
/* End PBXGroup section */

/* Begin PBXNativeTarget section */
		18DD22CF17AF9A1400156FC2 /* AttriLabel */ = {
			isa = PBXNativeTarget;
			buildConfigurationList = 18DD22F317AF9A1400156FC2 /* Build configuration list for PBXNativeTarget "AttriLabel" */;
			buildPhases = (
				18DD22CC17AF9A1400156FC2 /* Sources */,
				18DD22CD17AF9A1400156FC2 /* Frameworks */,
				18DD22CE17AF9A1400156FC2 /* Resources */,
			);
			buildRules = (
			);
			dependencies = (
			);
			name = AttriLabel;
			productName = AttriLabel;
			productReference = 18DD22D017AF9A1400156FC2 /* AttriLabel.app */;
			productType = "com.apple.product-type.application";
		};
/* End PBXNativeTarget section */

/* Begin PBXProject section */
		18DD22C817AF9A1300156FC2 /* Project object */ = {
			isa = PBXProject;
			attributes = {
				LastUpgradeCheck = 0460;
				ORGANIZATIONNAME = Fab;
			};
			buildConfigurationList = 18DD22CB17AF9A1300156FC2 /* Build configuration list for PBXProject "AttriLabel" */;
			compatibilityVersion = "Xcode 3.2";
			developmentRegion = English;
			hasScannedForEncodings = 0;
			knownRegions = (
				en,
			);
			mainGroup = 18DD22C717AF9A1300156FC2;
			productRefGroup = 18DD22D117AF9A1400156FC2 /* Products */;
			projectDirPath = "";
			projectRoot = "";
			targets = (
				18DD22CF17AF9A1400156FC2 /* AttriLabel */,
			);
		};
/* End PBXProject section */

/* Begin PBXResourcesBuildPhase section */
		18DD22CE17AF9A1400156FC2 /* Resources */ = {
			isa = PBXResourcesBuildPhase;
			buildActionMask = 2147483647;
			files = (
				18DD22DE17AF9A1400156FC2 /* InfoPlist.strings in Resources */,
				18DD22E617AF9A1400156FC2 /* Default.png in Resources */,
				18DD22E817AF9A1400156FC2 /* Default@2x.png in Resources */,
				18DD22EA17AF9A1400156FC2 /* Default-568h@2x.png in Resources */,
				18DD22ED17AF9A1400156FC2 /* MainStoryboard.storyboard in Resources */,
			);
			runOnlyForDeploymentPostprocessing = 0;
		};
/* End PBXResourcesBuildPhase section */

/* Begin PBXSourcesBuildPhase section */
		18DD22CC17AF9A1400156FC2 /* Sources */ = {
			isa = PBXSourcesBuildPhase;
			buildActionMask = 2147483647;
			files = (
				18DD22E017AF9A1400156FC2 /* main.m in Sources */,
				18DD22E417AF9A1400156FC2 /* AppDelegate.m in Sources */,
				18DD22F017AF9A1400156FC2 /* ViewController.m in Sources */,
			);
			runOnlyForDeploymentPostprocessing = 0;
		};
/* End PBXSourcesBuildPhase section */

/* Begin PBXVariantGroup section */
		18DD22DC17AF9A1400156FC2 /* InfoPlist.strings */ = {
			isa = PBXVariantGroup;
			children = (
				18DD22DD17AF9A1400156FC2 /* en */,
			);
			name = InfoPlist.strings;
			sourceTree = "<group>";
		};
		18DD22EB17AF9A1400156FC2 /* MainStoryboard.storyboard */ = {
			isa = PBXVariantGroup;
			children = (
				18DD22EC17AF9A1400156FC2 /* en */,
			);
			name = MainStoryboard.storyboard;
			sourceTree = "<group>";
		};
/* End PBXVariantGroup section */

/* Begin XCBuildConfiguration section */
		18DD22F117AF9A1400156FC2 /* Debug */ = {
			isa = XCBuildConfiguration;
			buildSettings = {
				ALWAYS_SEARCH_USER_PATHS = NO;
				CLANG_CXX_LANGUAGE_STANDARD = "gnu++0x";
				CLANG_CXX_LIBRARY = "libc++";
				CLANG_ENABLE_OBJC_ARC = YES;
				CLANG_WARN_CONSTANT_CONVERSION = YES;
				CLANG_WARN_EMPTY_BODY = YES;
				CLANG_WARN_ENUM_CONVERSION = YES;
				CLANG_WARN_INT_CONVERSION = YES;
				CLANG_WARN__DUPLICATE_METHOD_MATCH = YES;
				"CODE_SIGN_IDENTITY[sdk=iphoneos*]" = "iPhone Developer";
				COPY_PHASE_STRIP = NO;
				GCC_C_LANGUAGE_STANDARD = gnu99;
				GCC_DYNAMIC_NO_PIC = NO;
				GCC_OPTIMIZATION_LEVEL = 0;
				GCC_PREPROCESSOR_DEFINITIONS = (
					"DEBUG=1",
					"$(inherited)",
				);
				GCC_SYMBOLS_PRIVATE_EXTERN = NO;
				GCC_WARN_ABOUT_RETURN_TYPE = YES;
				GCC_WARN_UNINITIALIZED_AUTOS = YES;
				GCC_WARN_UNUSED_VARIABLE = YES;
				IPHONEOS_DEPLOYMENT_TARGET = 6.1;
				ONLY_ACTIVE_ARCH = YES;
				SDKROOT = iphoneos;
			};
			name = Debug;
		};
		18DD22F217AF9A1400156FC2 /* Release */ = {
			isa = XCBuildConfiguration;
			buildSettings = {
				ALWAYS_SEARCH_USER_PATHS = NO;
				CLANG_CXX_LANGUAGE_STANDARD = "gnu++0x";
				CLANG_CXX_LIBRARY = "libc++";
				CLANG_ENABLE_OBJC_ARC = YES;
				CLANG_WARN_CONSTANT_CONVERSION = YES;
				CLANG_WARN_EMPTY_BODY = YES;
				CLANG_WARN_ENUM_CONVERSION = YES;
				CLANG_WARN_INT_CONVERSION = YES;
				CLANG_WARN__DUPLICATE_METHOD_MATCH = YES;
				"CODE_SIGN_IDENTITY[sdk=iphoneos*]" = "iPhone Developer";
				COPY_PHASE_STRIP = YES;
				GCC_C_LANGUAGE_STANDARD = gnu99;
				GCC_WARN_ABOUT_RETURN_TYPE = YES;
				GCC_WARN_UNINITIALIZED_AUTOS = YES;
				GCC_WARN_UNUSED_VARIABLE = YES;
				IPHONEOS_DEPLOYMENT_TARGET = 6.1;
				OTHER_CFLAGS = "-DNS_BLOCK_ASSERTIONS=1";
				SDKROOT = iphoneos;
				VALIDATE_PRODUCT = YES;
			};
			name = Release;
		};
		18DD22F417AF9A1400156FC2 /* Debug */ = {
			isa = XCBuildConfiguration;
			buildSettings = {
				GCC_PRECOMPILE_PREFIX_HEADER = YES;
				GCC_PREFIX_HEADER = "AttriLabel/AttriLabel-Prefix.pch";
				INFOPLIST_FILE = "AttriLabel/AttriLabel-Info.plist";
				PRODUCT_NAME = "$(TARGET_NAME)";
				WRAPPER_EXTENSION = app;
			};
			name = Debug;
		};
		18DD22F517AF9A1400156FC2 /* Release */ = {
			isa = XCBuildConfiguration;
			buildSettings = {
				GCC_PRECOMPILE_PREFIX_HEADER = YES;
				GCC_PREFIX_HEADER = "AttriLabel/AttriLabel-Prefix.pch";
				INFOPLIST_FILE = "AttriLabel/AttriLabel-Info.plist";
				PRODUCT_NAME = "$(TARGET_NAME)";
				WRAPPER_EXTENSION = app;
			};
			name = Release;
		};
/* End XCBuildConfiguration section */

/* Begin XCConfigurationList section */
		18DD22CB17AF9A1300156FC2 /* Build configuration list for PBXProject "AttriLabel" */ = {
			isa = XCConfigurationList;
			buildConfigurations = (
				18DD22F117AF9A1400156FC2 /* Debug */,
				18DD22F217AF9A1400156FC2 /* Release */,
			);
			defaultConfigurationIsVisible = 0;
			defaultConfigurationName = Release;
		};
		18DD22F317AF9A1400156FC2 /* Build configuration list for PBXNativeTarget "AttriLabel" */ = {
			isa = XCConfigurationList;
			buildConfigurations = (
				18DD22F417AF9A1400156FC2 /* Debug */,
				18DD22F517AF9A1400156FC2 /* Release */,
			);
			defaultConfigurationIsVisible = 0;
		};
/* End XCConfigurationList section */
	};
	rootObject = 18DD22C817AF9A1300156FC2 /* Project object */;
}
